
Microsoft Visual Studio Solution File, Format Version 12.00
# Visual Studio Version 17
VisualStudioVersion = 17.3.32929.385
MinimumVisualStudioVersion = 10.0.40219.1
Project("{FAE04EC0-301F-11D3-BF4B-00C04F79EFBC}") = "Lakritz", "Lakritz\Lakritz.csproj", "{0F525FB9-78F0-4208-9E27-4712EDA689BE}"
EndProject
Global
	GlobalSection(SolutionConfigurationPlatforms) = preSolution
		Debug|Any CPU = Debug|Any CPU
		Release|Any CPU = Release|Any CPU
	EndGlobalSection
	GlobalSection(ProjectConfigurationPlatforms) = postSolution
		{0F525FB9-78F0-4208-9E27-4712EDA689BE}.Debug|Any CPU.ActiveCfg = Debug|Any CPU
		{0F525FB9-78F0-4208-9E27-4712EDA689BE}.Debug|Any CPU.Build.0 = Debug|Any CPU
		{0F525FB9-78F0-4208-9E27-4712EDA689BE}.Release|Any CPU.ActiveCfg = Release|Any CPU
		{0F525FB9-78F0-4208-9E27-4712EDA689BE}.Release|Any CPU.Build.0 = Release|Any CPU
	EndGlobalSection
	GlobalSection(SolutionProperties) = preSolution
		HideSolutionNode = FALSE
	EndGlobalSection
	GlobalSection(ExtensibilityGlobals) = postSolution
		SolutionGuid = {5A4A980A-BFE5-4732-898F-A5AF59C7C3B6}
	EndGlobalSection
EndGlobal
